
Microsoft Visual Studio Solution File, Format Version 12.00
# Visual Studio Version 17
VisualStudioVersion = 17.3.32825.248
MinimumVisualStudioVersion = 10.0.40219.1
Project("{9A19103F-16F7-4668-BE54-9A1E7A4F7556}") = "IntelliTect.Multitool", "IntelliTect.Multitool\IntelliTect.Multitool.csproj", "{4AEDF7B5-8FD1-4361-B230-173646A0D20C}"
EndProject
Project("{9A19103F-16F7-4668-BE54-9A1E7A4F7556}") = "IntelliTect.Multitool.Tests", "IntelliTect.Multitool.Tests\IntelliTect.Multitool.Tests.csproj", "{B0281AA3-FAED-4A2C-8C5A-C2F3DC39511A}"
EndProject
Project("{2150E333-8FDC-42A3-9474-1A3956D46DE8}") = "Solution Items", "Solution Items", "{7FB66610-EB11-460E-8CC8-F49044F452D0}"
	ProjectSection(SolutionItems) = preProject
		appveyor.yml = appveyor.yml
		.github\workflows\build-and-test.yml = .github\workflows\build-and-test.yml
		.github\workflows\deploy.yml = .github\workflows\deploy.yml
		README.md = README.md
	EndProjectSection
EndProject
Global
	GlobalSection(SolutionConfigurationPlatforms) = preSolution
		Debug|Any CPU = Debug|Any CPU
		Release|Any CPU = Release|Any CPU
	EndGlobalSection
	GlobalSection(ProjectConfigurationPlatforms) = postSolution
		{4AEDF7B5-8FD1-4361-B230-173646A0D20C}.Debug|Any CPU.ActiveCfg = Debug|Any CPU
		{4AEDF7B5-8FD1-4361-B230-173646A0D20C}.Debug|Any CPU.Build.0 = Debug|Any CPU
		{4AEDF7B5-8FD1-4361-B230-173646A0D20C}.Release|Any CPU.ActiveCfg = Release|Any CPU
		{4AEDF7B5-8FD1-4361-B230-173646A0D20C}.Release|Any CPU.Build.0 = Release|Any CPU
		{B0281AA3-FAED-4A2C-8C5A-C2F3DC39511A}.Debug|Any CPU.ActiveCfg = Debug|Any CPU
		{B0281AA3-FAED-4A2C-8C5A-C2F3DC39511A}.Debug|Any CPU.Build.0 = Debug|Any CPU
		{B0281AA3-FAED-4A2C-8C5A-C2F3DC39511A}.Release|Any CPU.ActiveCfg = Release|Any CPU
		{B0281AA3-FAED-4A2C-8C5A-C2F3DC39511A}.Release|Any CPU.Build.0 = Release|Any CPU
	EndGlobalSection
	GlobalSection(SolutionProperties) = preSolution
		HideSolutionNode = FALSE
	EndGlobalSection
	GlobalSection(ExtensibilityGlobals) = postSolution
		SolutionGuid = {DE282392-8D28-4F0B-8A80-449A5781097B}
	EndGlobalSection
EndGlobal
